
Microsoft Visual Studio Solution File, Format Version 12.00
# Visual Studio Version 16
VisualStudioVersion = 16.0.31424.327
MinimumVisualStudioVersion = 10.0.40219.1
Project("{FAE04EC0-301F-11D3-BF4B-00C04F79EFBC}") = "ExercicioComposicao", "ExercicioComposicao\ExercicioComposicao.csproj", "{C5DB5F57-80CB-40D3-8D04-133C75BC3CB5}"
EndProject
Global
	GlobalSection(SolutionConfigurationPlatforms) = preSolution
		Debug|Any CPU = Debug|Any CPU
		Release|Any CPU = Release|Any CPU
	EndGlobalSection
	GlobalSection(ProjectConfigurationPlatforms) = postSolution
		{C5DB5F57-80CB-40D3-8D04-133C75BC3CB5}.Debug|Any CPU.ActiveCfg = Debug|Any CPU
		{C5DB5F57-80CB-40D3-8D04-133C75BC3CB5}.Debug|Any CPU.Build.0 = Debug|Any CPU
		{C5DB5F57-80CB-40D3-8D04-133C75BC3CB5}.Release|Any CPU.ActiveCfg = Release|Any CPU
		{C5DB5F57-80CB-40D3-8D04-133C75BC3CB5}.Release|Any CPU.Build.0 = Release|Any CPU
	EndGlobalSection
	GlobalSection(SolutionProperties) = preSolution
		HideSolutionNode = FALSE
	EndGlobalSection
	GlobalSection(ExtensibilityGlobals) = postSolution
		SolutionGuid = {873D572E-E2E1-4F18-A325-30DB0395B469}
	EndGlobalSection
EndGlobal
