
Microsoft Visual Studio Solution File, Format Version 12.00
# Visual Studio Version 16
VisualStudioVersion = 16.0.31424.327
MinimumVisualStudioVersion = 10.0.40219.1
Project("{FAE04EC0-301F-11D3-BF4B-00C04F79EFBC}") = "InterfaceExercicio", "InterfaceExercicio\InterfaceExercicio.csproj", "{47B5C31F-BB5D-4BB8-8DE3-84BD56A3F961}"
EndProject
Global
	GlobalSection(SolutionConfigurationPlatforms) = preSolution
		Debug|Any CPU = Debug|Any CPU
		Release|Any CPU = Release|Any CPU
	EndGlobalSection
	GlobalSection(ProjectConfigurationPlatforms) = postSolution
		{47B5C31F-BB5D-4BB8-8DE3-84BD56A3F961}.Debug|Any CPU.ActiveCfg = Debug|Any CPU
		{47B5C31F-BB5D-4BB8-8DE3-84BD56A3F961}.Debug|Any CPU.Build.0 = Debug|Any CPU
		{47B5C31F-BB5D-4BB8-8DE3-84BD56A3F961}.Release|Any CPU.ActiveCfg = Release|Any CPU
		{47B5C31F-BB5D-4BB8-8DE3-84BD56A3F961}.Release|Any CPU.Build.0 = Release|Any CPU
	EndGlobalSection
	GlobalSection(SolutionProperties) = preSolution
		HideSolutionNode = FALSE
	EndGlobalSection
	GlobalSection(ExtensibilityGlobals) = postSolution
		SolutionGuid = {88C620A5-E7A5-474B-AF4B-3C8C522030B0}
	EndGlobalSection
EndGlobal
