
Microsoft Visual Studio Solution File, Format Version 12.00
# Visual Studio Version 16
VisualStudioVersion = 16.0.31424.327
MinimumVisualStudioVersion = 10.0.40219.1
Project("{FAE04EC0-301F-11D3-BF4B-00C04F79EFBC}") = "SolucaoSemInterface", "SolucaoSemInterface\SolucaoSemInterface.csproj", "{0E423A72-7040-4C48-BA79-7BFF4E62D685}"
EndProject
Global
	GlobalSection(SolutionConfigurationPlatforms) = preSolution
		Debug|Any CPU = Debug|Any CPU
		Release|Any CPU = Release|Any CPU
	EndGlobalSection
	GlobalSection(ProjectConfigurationPlatforms) = postSolution
		{0E423A72-7040-4C48-BA79-7BFF4E62D685}.Debug|Any CPU.ActiveCfg = Debug|Any CPU
		{0E423A72-7040-4C48-BA79-7BFF4E62D685}.Debug|Any CPU.Build.0 = Debug|Any CPU
		{0E423A72-7040-4C48-BA79-7BFF4E62D685}.Release|Any CPU.ActiveCfg = Release|Any CPU
		{0E423A72-7040-4C48-BA79-7BFF4E62D685}.Release|Any CPU.Build.0 = Release|Any CPU
	EndGlobalSection
	GlobalSection(SolutionProperties) = preSolution
		HideSolutionNode = FALSE
	EndGlobalSection
	GlobalSection(ExtensibilityGlobals) = postSolution
		SolutionGuid = {F25D7BE4-DB86-4612-B124-0313EB9450AF}
	EndGlobalSection
EndGlobal
