
Microsoft Visual Studio Solution File, Format Version 12.00
# Visual Studio Version 16
VisualStudioVersion = 16.0.31424.327
MinimumVisualStudioVersion = 10.0.40219.1
Project("{FAE04EC0-301F-11D3-BF4B-00C04F79EFBC}") = "Funcionario", "Funcionario\Funcionario.csproj", "{787AEEC4-3980-4DEE-BCB2-1A6A21795A6F}"
EndProject
Global
	GlobalSection(SolutionConfigurationPlatforms) = preSolution
		Debug|Any CPU = Debug|Any CPU
		Release|Any CPU = Release|Any CPU
	EndGlobalSection
	GlobalSection(ProjectConfigurationPlatforms) = postSolution
		{787AEEC4-3980-4DEE-BCB2-1A6A21795A6F}.Debug|Any CPU.ActiveCfg = Debug|Any CPU
		{787AEEC4-3980-4DEE-BCB2-1A6A21795A6F}.Debug|Any CPU.Build.0 = Debug|Any CPU
		{787AEEC4-3980-4DEE-BCB2-1A6A21795A6F}.Release|Any CPU.ActiveCfg = Release|Any CPU
		{787AEEC4-3980-4DEE-BCB2-1A6A21795A6F}.Release|Any CPU.Build.0 = Release|Any CPU
	EndGlobalSection
	GlobalSection(SolutionProperties) = preSolution
		HideSolutionNode = FALSE
	EndGlobalSection
	GlobalSection(ExtensibilityGlobals) = postSolution
		SolutionGuid = {E486A16A-B435-4E1B-A226-C7ACAD09F3B0}
	EndGlobalSection
EndGlobal
