
Microsoft Visual Studio Solution File, Format Version 12.00
# Visual Studio Version 16
VisualStudioVersion = 16.0.31424.327
MinimumVisualStudioVersion = 10.0.40219.1
Project("{FAE04EC0-301F-11D3-BF4B-00C04F79EFBC}") = "Empresa", "Empresa\Empresa.csproj", "{02004FC4-5FFB-4B8D-B35F-782C56F48794}"
EndProject
Global
	GlobalSection(SolutionConfigurationPlatforms) = preSolution
		Debug|Any CPU = Debug|Any CPU
		Release|Any CPU = Release|Any CPU
	EndGlobalSection
	GlobalSection(ProjectConfigurationPlatforms) = postSolution
		{02004FC4-5FFB-4B8D-B35F-782C56F48794}.Debug|Any CPU.ActiveCfg = Debug|Any CPU
		{02004FC4-5FFB-4B8D-B35F-782C56F48794}.Debug|Any CPU.Build.0 = Debug|Any CPU
		{02004FC4-5FFB-4B8D-B35F-782C56F48794}.Release|Any CPU.ActiveCfg = Release|Any CPU
		{02004FC4-5FFB-4B8D-B35F-782C56F48794}.Release|Any CPU.Build.0 = Release|Any CPU
	EndGlobalSection
	GlobalSection(SolutionProperties) = preSolution
		HideSolutionNode = FALSE
	EndGlobalSection
	GlobalSection(ExtensibilityGlobals) = postSolution
		SolutionGuid = {D4DA9240-47A7-409D-B325-60B20400ACD6}
	EndGlobalSection
EndGlobal
